
Microsoft Visual Studio Solution File, Format Version 12.00
# Visual Studio 2017
Project("{FAE04EC0-301F-11D3-BF4B-00C04F79EFBC}") = "Jogabilijam-Game.Plugins", "Jogabilijam-Game.Plugins.csproj", "{F9091C79-B794-20EA-8DCD-4621080C044C}"
EndProject
Project("{FAE04EC0-301F-11D3-BF4B-00C04F79EFBC}") = "Jogabilijam-Game", "Jogabilijam-Game.csproj", "{635D9FAF-D3A9-4049-BB92-5AC0E6C217E6}"
EndProject
Project("{FAE04EC0-301F-11D3-BF4B-00C04F79EFBC}") = "Jogabilijam-Game.Editor", "Jogabilijam-Game.Editor.csproj", "{2DC68269-4105-D4AA-ED09-1A39A56B124E}"
EndProject
Global
	GlobalSection(SolutionConfigurationPlatforms) = preSolution
		Debug|Any CPU = Debug|Any CPU
		Release|Any CPU = Release|Any CPU
	EndGlobalSection
	GlobalSection(ProjectConfigurationPlatforms) = postSolution
		{F9091C79-B794-20EA-8DCD-4621080C044C}.Debug|Any CPU.ActiveCfg = Debug|Any CPU
		{F9091C79-B794-20EA-8DCD-4621080C044C}.Debug|Any CPU.Build.0 = Debug|Any CPU
		{F9091C79-B794-20EA-8DCD-4621080C044C}.Release|Any CPU.ActiveCfg = Release|Any CPU
		{F9091C79-B794-20EA-8DCD-4621080C044C}.Release|Any CPU.Build.0 = Release|Any CPU
		{635D9FAF-D3A9-4049-BB92-5AC0E6C217E6}.Debug|Any CPU.ActiveCfg = Debug|Any CPU
		{635D9FAF-D3A9-4049-BB92-5AC0E6C217E6}.Debug|Any CPU.Build.0 = Debug|Any CPU
		{635D9FAF-D3A9-4049-BB92-5AC0E6C217E6}.Release|Any CPU.ActiveCfg = Release|Any CPU
		{635D9FAF-D3A9-4049-BB92-5AC0E6C217E6}.Release|Any CPU.Build.0 = Release|Any CPU
		{2DC68269-4105-D4AA-ED09-1A39A56B124E}.Debug|Any CPU.ActiveCfg = Debug|Any CPU
		{2DC68269-4105-D4AA-ED09-1A39A56B124E}.Debug|Any CPU.Build.0 = Debug|Any CPU
		{2DC68269-4105-D4AA-ED09-1A39A56B124E}.Release|Any CPU.ActiveCfg = Release|Any CPU
		{2DC68269-4105-D4AA-ED09-1A39A56B124E}.Release|Any CPU.Build.0 = Release|Any CPU
	EndGlobalSection
	GlobalSection(SolutionProperties) = preSolution
		HideSolutionNode = FALSE
	EndGlobalSection
EndGlobal
